
Microsoft Visual Studio Solution File, Format Version 12.00
# Visual Studio Version 17
VisualStudioVersion = 17.9.34622.214
MinimumVisualStudioVersion = 10.0.40219.1
Project("{FAE04EC0-301F-11D3-BF4B-00C04F79EFBC}") = "QLBanHang.DTO", "QLBanHang.DTO\QLBanHang.DTO.csproj", "{51056A94-164D-4E85-965A-601E2CE4C864}"
EndProject
Project("{FAE04EC0-301F-11D3-BF4B-00C04F79EFBC}") = "QLBanHang.DAL", "QLBanHang.DAO\QLBanHang.DAL.csproj", "{D4DF6882-61BD-4C6D-9E4A-1E7C1806B5C5}"
EndProject
Project("{FAE04EC0-301F-11D3-BF4B-00C04F79EFBC}") = "QLBanHang.BUS", "QLBanHang.BUS\QLBanHang.BUS.csproj", "{79B1FB1B-F30C-4093-AC73-C4B22AF4E094}"
EndProject
Project("{FAE04EC0-301F-11D3-BF4B-00C04F79EFBC}") = "QLBanHang.GUI", "QLBanHang.GUI\QLBanHang.GUI.csproj", "{B95F1F66-F0B9-4736-B414-3A4D49003A5D}"
EndProject
Global
	GlobalSection(SolutionConfigurationPlatforms) = preSolution
		Debug|Any CPU = Debug|Any CPU
		Release|Any CPU = Release|Any CPU
	EndGlobalSection
	GlobalSection(ProjectConfigurationPlatforms) = postSolution
		{51056A94-164D-4E85-965A-601E2CE4C864}.Debug|Any CPU.ActiveCfg = Debug|Any CPU
		{51056A94-164D-4E85-965A-601E2CE4C864}.Debug|Any CPU.Build.0 = Debug|Any CPU
		{51056A94-164D-4E85-965A-601E2CE4C864}.Release|Any CPU.ActiveCfg = Release|Any CPU
		{51056A94-164D-4E85-965A-601E2CE4C864}.Release|Any CPU.Build.0 = Release|Any CPU
		{D4DF6882-61BD-4C6D-9E4A-1E7C1806B5C5}.Debug|Any CPU.ActiveCfg = Debug|Any CPU
		{D4DF6882-61BD-4C6D-9E4A-1E7C1806B5C5}.Debug|Any CPU.Build.0 = Debug|Any CPU
		{D4DF6882-61BD-4C6D-9E4A-1E7C1806B5C5}.Release|Any CPU.ActiveCfg = Release|Any CPU
		{D4DF6882-61BD-4C6D-9E4A-1E7C1806B5C5}.Release|Any CPU.Build.0 = Release|Any CPU
		{79B1FB1B-F30C-4093-AC73-C4B22AF4E094}.Debug|Any CPU.ActiveCfg = Debug|Any CPU
		{79B1FB1B-F30C-4093-AC73-C4B22AF4E094}.Debug|Any CPU.Build.0 = Debug|Any CPU
		{79B1FB1B-F30C-4093-AC73-C4B22AF4E094}.Release|Any CPU.ActiveCfg = Release|Any CPU
		{79B1FB1B-F30C-4093-AC73-C4B22AF4E094}.Release|Any CPU.Build.0 = Release|Any CPU
		{B95F1F66-F0B9-4736-B414-3A4D49003A5D}.Debug|Any CPU.ActiveCfg = Debug|Any CPU
		{B95F1F66-F0B9-4736-B414-3A4D49003A5D}.Debug|Any CPU.Build.0 = Debug|Any CPU
		{B95F1F66-F0B9-4736-B414-3A4D49003A5D}.Release|Any CPU.ActiveCfg = Release|Any CPU
		{B95F1F66-F0B9-4736-B414-3A4D49003A5D}.Release|Any CPU.Build.0 = Release|Any CPU
	EndGlobalSection
	GlobalSection(SolutionProperties) = preSolution
		HideSolutionNode = FALSE
	EndGlobalSection
	GlobalSection(ExtensibilityGlobals) = postSolution
		SolutionGuid = {24B76892-3257-4083-96C3-D462B9B2FD9C}
	EndGlobalSection
EndGlobal
